
Microsoft Visual Studio Solution File, Format Version 12.00
# Visual Studio 15
VisualStudioVersion = 15.0.28010.2003
MinimumVisualStudioVersion = 10.0.40219.1
Project("{2150E333-8FDC-42A3-9474-1A3956D46DE8}") = "src", "src", "{9BCB2CBF-85ED-4D4C-B4A1-AA9015FBA137}"
EndProject
Project("{2150E333-8FDC-42A3-9474-1A3956D46DE8}") = "Services", "Services", "{D8FEA7AD-612D-4878-8A21-B9354A41916C}"
EndProject
Project("{2150E333-8FDC-42A3-9474-1A3956D46DE8}") = "Reminder", "Reminder", "{3762CF2D-5492-49F5-99D8-FCF167834AA5}"
EndProject
Project("{2150E333-8FDC-42A3-9474-1A3956D46DE8}") = "BuildingBlocks", "BuildingBlocks", "{22AD9BED-37CB-46C0-8E73-0999EF85EE52}"
EndProject
Project("{2150E333-8FDC-42A3-9474-1A3956D46DE8}") = "EventBus", "EventBus", "{251487C3-164B-44C0-AC7C-EE8B350573D4}"
EndProject
Project("{9A19103F-16F7-4668-BE54-9A1E7A4F7556}") = "Reminder.API", "src\Services\Reminder\Reminder.API\Reminder.API.csproj", "{DAB6E608-9AFB-4D88-996C-DEB00F440A5D}"
EndProject
Project("{9A19103F-16F7-4668-BE54-9A1E7A4F7556}") = "EventBusRabbitMQ", "src\BuldingBlocks\EventBus\EventBusRabbitMQ\EventBusRabbitMQ.csproj", "{C4E688D3-08DC-4C42-B540-5CB7ADD09499}"
EndProject
Project("{2150E333-8FDC-42A3-9474-1A3956D46DE8}") = "WebHost", "WebHost", "{D5164CF9-77F9-4A22-A443-67D457B04C8A}"
EndProject
Project("{9A19103F-16F7-4668-BE54-9A1E7A4F7556}") = "EventBus", "src\BuldingBlocks\EventBus\EventBus\EventBus.csproj", "{D516FC66-80AD-41CE-8683-F149865FA8D1}"
EndProject
Project("{9A19103F-16F7-4668-BE54-9A1E7A4F7556}") = "Reminder.BackgroundTasks", "src\Services\Reminder\Reminder.BackgroundTasks\Reminder.BackgroundTasks.csproj", "{ED87545F-E7DB-4074-8690-64CF27182E63}"
EndProject
Project("{2150E333-8FDC-42A3-9474-1A3956D46DE8}") = "ApiGateway", "ApiGateway", "{E9FD3116-30A5-4756-9F09-846EFBF4C563}"
EndProject
Project("{9A19103F-16F7-4668-BE54-9A1E7A4F7556}") = "OcelotApiGateway", "src\BuldingBlocks\ApiGateway\OcelotApiGateway\OcelotApiGateway\OcelotApiGateway.csproj", "{D0BA8F0B-059F-4004-8859-42D4C5F8D043}"
EndProject
Project("{2150E333-8FDC-42A3-9474-1A3956D46DE8}") = "Auth", "Auth", "{56E6CB5C-7400-44F7-B09A-87CD1CC608DC}"
EndProject
Project("{FAE04EC0-301F-11D3-BF4B-00C04F79EFBC}") = "Auth.API", "src\Services\Auth\Auth.API\Auth.API.csproj", "{DD59E53A-EA47-4967-8FF4-CEC43918F23B}"
EndProject
Project("{2150E333-8FDC-42A3-9474-1A3956D46DE8}") = "User", "User", "{2C2101CB-18AE-44D6-8719-D6BB43F665B4}"
EndProject
Project("{FAE04EC0-301F-11D3-BF4B-00C04F79EFBC}") = "User.API", "src\Services\User\User.API\User.API.csproj", "{0B3D7AC2-DF49-4119-B71D-E0D8BFD228BE}"
EndProject
Global
	GlobalSection(SolutionConfigurationPlatforms) = preSolution
		Debug|Any CPU = Debug|Any CPU
		Release|Any CPU = Release|Any CPU
	EndGlobalSection
	GlobalSection(ProjectConfigurationPlatforms) = postSolution
		{DAB6E608-9AFB-4D88-996C-DEB00F440A5D}.Debug|Any CPU.ActiveCfg = Debug|Any CPU
		{DAB6E608-9AFB-4D88-996C-DEB00F440A5D}.Debug|Any CPU.Build.0 = Debug|Any CPU
		{DAB6E608-9AFB-4D88-996C-DEB00F440A5D}.Release|Any CPU.ActiveCfg = Release|Any CPU
		{DAB6E608-9AFB-4D88-996C-DEB00F440A5D}.Release|Any CPU.Build.0 = Release|Any CPU
		{C4E688D3-08DC-4C42-B540-5CB7ADD09499}.Debug|Any CPU.ActiveCfg = Debug|Any CPU
		{C4E688D3-08DC-4C42-B540-5CB7ADD09499}.Debug|Any CPU.Build.0 = Debug|Any CPU
		{C4E688D3-08DC-4C42-B540-5CB7ADD09499}.Release|Any CPU.ActiveCfg = Release|Any CPU
		{C4E688D3-08DC-4C42-B540-5CB7ADD09499}.Release|Any CPU.Build.0 = Release|Any CPU
		{D516FC66-80AD-41CE-8683-F149865FA8D1}.Debug|Any CPU.ActiveCfg = Debug|Any CPU
		{D516FC66-80AD-41CE-8683-F149865FA8D1}.Debug|Any CPU.Build.0 = Debug|Any CPU
		{D516FC66-80AD-41CE-8683-F149865FA8D1}.Release|Any CPU.ActiveCfg = Release|Any CPU
		{D516FC66-80AD-41CE-8683-F149865FA8D1}.Release|Any CPU.Build.0 = Release|Any CPU
		{ED87545F-E7DB-4074-8690-64CF27182E63}.Debug|Any CPU.ActiveCfg = Debug|Any CPU
		{ED87545F-E7DB-4074-8690-64CF27182E63}.Debug|Any CPU.Build.0 = Debug|Any CPU
		{ED87545F-E7DB-4074-8690-64CF27182E63}.Release|Any CPU.ActiveCfg = Release|Any CPU
		{ED87545F-E7DB-4074-8690-64CF27182E63}.Release|Any CPU.Build.0 = Release|Any CPU
		{D0BA8F0B-059F-4004-8859-42D4C5F8D043}.Debug|Any CPU.ActiveCfg = Debug|Any CPU
		{D0BA8F0B-059F-4004-8859-42D4C5F8D043}.Debug|Any CPU.Build.0 = Debug|Any CPU
		{D0BA8F0B-059F-4004-8859-42D4C5F8D043}.Release|Any CPU.ActiveCfg = Release|Any CPU
		{D0BA8F0B-059F-4004-8859-42D4C5F8D043}.Release|Any CPU.Build.0 = Release|Any CPU
		{DD59E53A-EA47-4967-8FF4-CEC43918F23B}.Debug|Any CPU.ActiveCfg = Debug|Any CPU
		{DD59E53A-EA47-4967-8FF4-CEC43918F23B}.Debug|Any CPU.Build.0 = Debug|Any CPU
		{DD59E53A-EA47-4967-8FF4-CEC43918F23B}.Release|Any CPU.ActiveCfg = Release|Any CPU
		{DD59E53A-EA47-4967-8FF4-CEC43918F23B}.Release|Any CPU.Build.0 = Release|Any CPU
		{0B3D7AC2-DF49-4119-B71D-E0D8BFD228BE}.Debug|Any CPU.ActiveCfg = Debug|Any CPU
		{0B3D7AC2-DF49-4119-B71D-E0D8BFD228BE}.Debug|Any CPU.Build.0 = Debug|Any CPU
		{0B3D7AC2-DF49-4119-B71D-E0D8BFD228BE}.Release|Any CPU.ActiveCfg = Release|Any CPU
		{0B3D7AC2-DF49-4119-B71D-E0D8BFD228BE}.Release|Any CPU.Build.0 = Release|Any CPU
	EndGlobalSection
	GlobalSection(SolutionProperties) = preSolution
		HideSolutionNode = FALSE
	EndGlobalSection
	GlobalSection(NestedProjects) = preSolution
		{D8FEA7AD-612D-4878-8A21-B9354A41916C} = {9BCB2CBF-85ED-4D4C-B4A1-AA9015FBA137}
		{3762CF2D-5492-49F5-99D8-FCF167834AA5} = {D8FEA7AD-612D-4878-8A21-B9354A41916C}
		{22AD9BED-37CB-46C0-8E73-0999EF85EE52} = {9BCB2CBF-85ED-4D4C-B4A1-AA9015FBA137}
		{251487C3-164B-44C0-AC7C-EE8B350573D4} = {22AD9BED-37CB-46C0-8E73-0999EF85EE52}
		{DAB6E608-9AFB-4D88-996C-DEB00F440A5D} = {3762CF2D-5492-49F5-99D8-FCF167834AA5}
		{C4E688D3-08DC-4C42-B540-5CB7ADD09499} = {251487C3-164B-44C0-AC7C-EE8B350573D4}
		{D5164CF9-77F9-4A22-A443-67D457B04C8A} = {22AD9BED-37CB-46C0-8E73-0999EF85EE52}
		{D516FC66-80AD-41CE-8683-F149865FA8D1} = {251487C3-164B-44C0-AC7C-EE8B350573D4}
		{ED87545F-E7DB-4074-8690-64CF27182E63} = {3762CF2D-5492-49F5-99D8-FCF167834AA5}
		{E9FD3116-30A5-4756-9F09-846EFBF4C563} = {22AD9BED-37CB-46C0-8E73-0999EF85EE52}
		{D0BA8F0B-059F-4004-8859-42D4C5F8D043} = {E9FD3116-30A5-4756-9F09-846EFBF4C563}
		{56E6CB5C-7400-44F7-B09A-87CD1CC608DC} = {D8FEA7AD-612D-4878-8A21-B9354A41916C}
		{DD59E53A-EA47-4967-8FF4-CEC43918F23B} = {56E6CB5C-7400-44F7-B09A-87CD1CC608DC}
		{2C2101CB-18AE-44D6-8719-D6BB43F665B4} = {D8FEA7AD-612D-4878-8A21-B9354A41916C}
		{0B3D7AC2-DF49-4119-B71D-E0D8BFD228BE} = {2C2101CB-18AE-44D6-8719-D6BB43F665B4}
	EndGlobalSection
	GlobalSection(ExtensibilityGlobals) = postSolution
		SolutionGuid = {3F5E81EA-C81F-4817-AEA0-A4769D3D02F0}
	EndGlobalSection
EndGlobal
