
Microsoft Visual Studio Solution File, Format Version 12.00
# Visual Studio 15
VisualStudioVersion = 15.0.28010.2003
MinimumVisualStudioVersion = 10.0.40219.1
Project("{2150E333-8FDC-42A3-9474-1A3956D46DE8}") = "src", "src", "{9BCB2CBF-85ED-4D4C-B4A1-AA9015FBA137}"
EndProject
Project("{2150E333-8FDC-42A3-9474-1A3956D46DE8}") = "Services", "Services", "{D8FEA7AD-612D-4878-8A21-B9354A41916C}"
EndProject
Project("{2150E333-8FDC-42A3-9474-1A3956D46DE8}") = "Reminder", "Reminder", "{3762CF2D-5492-49F5-99D8-FCF167834AA5}"
EndProject
Project("{2150E333-8FDC-42A3-9474-1A3956D46DE8}") = "BuildingBlocks", "BuildingBlocks", "{22AD9BED-37CB-46C0-8E73-0999EF85EE52}"
EndProject
Project("{2150E333-8FDC-42A3-9474-1A3956D46DE8}") = "EventBus", "EventBus", "{251487C3-164B-44C0-AC7C-EE8B350573D4}"
EndProject
Project("{9A19103F-16F7-4668-BE54-9A1E7A4F7556}") = "Reminder.API", "src\Services\Reminder\Reminder.API\Reminder.API.csproj", "{DAB6E608-9AFB-4D88-996C-DEB00F440A5D}"
EndProject
Project("{9A19103F-16F7-4668-BE54-9A1E7A4F7556}") = "EventBusRabbitMQ", "src\BuldingBlocks\EventBus\EventBusRabbitMQ\EventBusRabbitMQ.csproj", "{C4E688D3-08DC-4C42-B540-5CB7ADD09499}"
EndProject
Project("{2150E333-8FDC-42A3-9474-1A3956D46DE8}") = "HealthChecks", "HealthChecks", "{D5164CF9-77F9-4A22-A443-67D457B04C8A}"
EndProject
Project("{9A19103F-16F7-4668-BE54-9A1E7A4F7556}") = "EventBus", "src\BuldingBlocks\EventBus\EventBus\EventBus.csproj", "{D516FC66-80AD-41CE-8683-F149865FA8D1}"
EndProject
Project("{9A19103F-16F7-4668-BE54-9A1E7A4F7556}") = "Reminder.BackgroundTasks", "src\Services\Reminder\Reminder.BackgroundTasks\Reminder.BackgroundTasks.csproj", "{ED87545F-E7DB-4074-8690-64CF27182E63}"
EndProject
Project("{2150E333-8FDC-42A3-9474-1A3956D46DE8}") = "ApiGateway", "ApiGateway", "{E9FD3116-30A5-4756-9F09-846EFBF4C563}"
EndProject
Project("{9A19103F-16F7-4668-BE54-9A1E7A4F7556}") = "OcelotApiGateway", "src\BuldingBlocks\ApiGateway\OcelotApiGateway\OcelotApiGateway\OcelotApiGateway.csproj", "{D0BA8F0B-059F-4004-8859-42D4C5F8D043}"
EndProject
Project("{2150E333-8FDC-42A3-9474-1A3956D46DE8}") = "Auth", "Auth", "{56E6CB5C-7400-44F7-B09A-87CD1CC608DC}"
EndProject
Project("{9A19103F-16F7-4668-BE54-9A1E7A4F7556}") = "Auth.API", "src\Services\Auth\Auth.API\Auth.API.csproj", "{DD59E53A-EA47-4967-8FF4-CEC43918F23B}"
EndProject
Project("{2150E333-8FDC-42A3-9474-1A3956D46DE8}") = "User", "User", "{2C2101CB-18AE-44D6-8719-D6BB43F665B4}"
EndProject
Project("{9A19103F-16F7-4668-BE54-9A1E7A4F7556}") = "User.API", "src\Services\User\User.API\User.API.csproj", "{0B3D7AC2-DF49-4119-B71D-E0D8BFD228BE}"
EndProject
Project("{9A19103F-16F7-4668-BE54-9A1E7A4F7556}") = "Microsoft.AspNetCore.HealthChecks", "src\BuldingBlocks\HealthChecks\Microsoft.AspNetCore.HealthChecks\Microsoft.AspNetCore.HealthChecks.csproj", "{99795CB1-0A2F-400D-9BDC-BDF40A73E3DA}"
EndProject
Project("{9A19103F-16F7-4668-BE54-9A1E7A4F7556}") = "Microsoft.Extensions.HealthChecks", "src\BuldingBlocks\HealthChecks\Microsoft.Extensions.HealthChecks\Microsoft.Extensions.HealthChecks.csproj", "{9273DA66-DA6F-4DD0-8240-110EDB36132A}"
EndProject
Project("{9A19103F-16F7-4668-BE54-9A1E7A4F7556}") = "Microsoft.Extensions.HealthChecks.SqlServer", "src\BuldingBlocks\HealthChecks\Microsoft.Extensions.HealthChecks.SqlServer\Microsoft.Extensions.HealthChecks.SqlServer.csproj", "{98D50D2C-65D0-485E-8B6B-FDCA0BB616BE}"
EndProject
Project("{2150E333-8FDC-42A3-9474-1A3956D46DE8}") = "Web", "Web", "{B9A57964-04A6-4DCF-B2AD-525642C12CB1}"
EndProject
Project("{9A19103F-16F7-4668-BE54-9A1E7A4F7556}") = "HealthStatus", "src\Web\HealthStatus\HealthStatus.csproj", "{F41D0B87-1489-4269-986C-30F9E185DC97}"
EndProject
Project("{9A19103F-16F7-4668-BE54-9A1E7A4F7556}") = "Reminder.tests", "src\Services\Reminder\Reminder.tests\Reminder.tests.csproj", "{0B18EF87-9DA9-4D83-B208-EF1787CC819F}"
EndProject
Project("{9A19103F-16F7-4668-BE54-9A1E7A4F7556}") = "User.tests", "src\Services\User\User.tests\User.tests.csproj", "{E0535941-D930-4B2F-9885-A41E0F789301}"
EndProject
Project("{9A19103F-16F7-4668-BE54-9A1E7A4F7556}") = "Reminder.BackgroundTasks.tests", "src\Services\Reminder\Reminder.BackgroundTasks.tests\Reminder.BackgroundTasks.tests.csproj", "{F36C9E06-DE5B-452D-A4C2-F2BA2E75E8C2}"
EndProject
Project("{9A19103F-16F7-4668-BE54-9A1E7A4F7556}") = "Auth.tests", "src\Services\Auth\Auth.tests\Auth.tests.csproj", "{F44CD0DC-9910-42E9-867C-9C51B216DD60}"
EndProject
Global
	GlobalSection(SolutionConfigurationPlatforms) = preSolution
		Debug|Any CPU = Debug|Any CPU
		Release|Any CPU = Release|Any CPU
	EndGlobalSection
	GlobalSection(ProjectConfigurationPlatforms) = postSolution
		{DAB6E608-9AFB-4D88-996C-DEB00F440A5D}.Debug|Any CPU.ActiveCfg = Debug|Any CPU
		{DAB6E608-9AFB-4D88-996C-DEB00F440A5D}.Debug|Any CPU.Build.0 = Debug|Any CPU
		{DAB6E608-9AFB-4D88-996C-DEB00F440A5D}.Release|Any CPU.ActiveCfg = Release|Any CPU
		{DAB6E608-9AFB-4D88-996C-DEB00F440A5D}.Release|Any CPU.Build.0 = Release|Any CPU
		{C4E688D3-08DC-4C42-B540-5CB7ADD09499}.Debug|Any CPU.ActiveCfg = Debug|Any CPU
		{C4E688D3-08DC-4C42-B540-5CB7ADD09499}.Debug|Any CPU.Build.0 = Debug|Any CPU
		{C4E688D3-08DC-4C42-B540-5CB7ADD09499}.Release|Any CPU.ActiveCfg = Release|Any CPU
		{C4E688D3-08DC-4C42-B540-5CB7ADD09499}.Release|Any CPU.Build.0 = Release|Any CPU
		{D516FC66-80AD-41CE-8683-F149865FA8D1}.Debug|Any CPU.ActiveCfg = Debug|Any CPU
		{D516FC66-80AD-41CE-8683-F149865FA8D1}.Debug|Any CPU.Build.0 = Debug|Any CPU
		{D516FC66-80AD-41CE-8683-F149865FA8D1}.Release|Any CPU.ActiveCfg = Release|Any CPU
		{D516FC66-80AD-41CE-8683-F149865FA8D1}.Release|Any CPU.Build.0 = Release|Any CPU
		{ED87545F-E7DB-4074-8690-64CF27182E63}.Debug|Any CPU.ActiveCfg = Debug|Any CPU
		{ED87545F-E7DB-4074-8690-64CF27182E63}.Debug|Any CPU.Build.0 = Debug|Any CPU
		{ED87545F-E7DB-4074-8690-64CF27182E63}.Release|Any CPU.ActiveCfg = Release|Any CPU
		{ED87545F-E7DB-4074-8690-64CF27182E63}.Release|Any CPU.Build.0 = Release|Any CPU
		{D0BA8F0B-059F-4004-8859-42D4C5F8D043}.Debug|Any CPU.ActiveCfg = Debug|Any CPU
		{D0BA8F0B-059F-4004-8859-42D4C5F8D043}.Debug|Any CPU.Build.0 = Debug|Any CPU
		{D0BA8F0B-059F-4004-8859-42D4C5F8D043}.Release|Any CPU.ActiveCfg = Release|Any CPU
		{D0BA8F0B-059F-4004-8859-42D4C5F8D043}.Release|Any CPU.Build.0 = Release|Any CPU
		{DD59E53A-EA47-4967-8FF4-CEC43918F23B}.Debug|Any CPU.ActiveCfg = Debug|Any CPU
		{DD59E53A-EA47-4967-8FF4-CEC43918F23B}.Debug|Any CPU.Build.0 = Debug|Any CPU
		{DD59E53A-EA47-4967-8FF4-CEC43918F23B}.Release|Any CPU.ActiveCfg = Release|Any CPU
		{DD59E53A-EA47-4967-8FF4-CEC43918F23B}.Release|Any CPU.Build.0 = Release|Any CPU
		{0B3D7AC2-DF49-4119-B71D-E0D8BFD228BE}.Debug|Any CPU.ActiveCfg = Debug|Any CPU
		{0B3D7AC2-DF49-4119-B71D-E0D8BFD228BE}.Debug|Any CPU.Build.0 = Debug|Any CPU
		{0B3D7AC2-DF49-4119-B71D-E0D8BFD228BE}.Release|Any CPU.ActiveCfg = Release|Any CPU
		{0B3D7AC2-DF49-4119-B71D-E0D8BFD228BE}.Release|Any CPU.Build.0 = Release|Any CPU
		{99795CB1-0A2F-400D-9BDC-BDF40A73E3DA}.Debug|Any CPU.ActiveCfg = Debug|Any CPU
		{99795CB1-0A2F-400D-9BDC-BDF40A73E3DA}.Debug|Any CPU.Build.0 = Debug|Any CPU
		{99795CB1-0A2F-400D-9BDC-BDF40A73E3DA}.Release|Any CPU.ActiveCfg = Release|Any CPU
		{99795CB1-0A2F-400D-9BDC-BDF40A73E3DA}.Release|Any CPU.Build.0 = Release|Any CPU
		{9273DA66-DA6F-4DD0-8240-110EDB36132A}.Debug|Any CPU.ActiveCfg = Debug|Any CPU
		{9273DA66-DA6F-4DD0-8240-110EDB36132A}.Debug|Any CPU.Build.0 = Debug|Any CPU
		{9273DA66-DA6F-4DD0-8240-110EDB36132A}.Release|Any CPU.ActiveCfg = Release|Any CPU
		{9273DA66-DA6F-4DD0-8240-110EDB36132A}.Release|Any CPU.Build.0 = Release|Any CPU
		{98D50D2C-65D0-485E-8B6B-FDCA0BB616BE}.Debug|Any CPU.ActiveCfg = Debug|Any CPU
		{98D50D2C-65D0-485E-8B6B-FDCA0BB616BE}.Debug|Any CPU.Build.0 = Debug|Any CPU
		{98D50D2C-65D0-485E-8B6B-FDCA0BB616BE}.Release|Any CPU.ActiveCfg = Release|Any CPU
		{98D50D2C-65D0-485E-8B6B-FDCA0BB616BE}.Release|Any CPU.Build.0 = Release|Any CPU
		{F41D0B87-1489-4269-986C-30F9E185DC97}.Debug|Any CPU.ActiveCfg = Debug|Any CPU
		{F41D0B87-1489-4269-986C-30F9E185DC97}.Debug|Any CPU.Build.0 = Debug|Any CPU
		{F41D0B87-1489-4269-986C-30F9E185DC97}.Release|Any CPU.ActiveCfg = Release|Any CPU
		{F41D0B87-1489-4269-986C-30F9E185DC97}.Release|Any CPU.Build.0 = Release|Any CPU
		{0B18EF87-9DA9-4D83-B208-EF1787CC819F}.Debug|Any CPU.ActiveCfg = Debug|Any CPU
		{0B18EF87-9DA9-4D83-B208-EF1787CC819F}.Debug|Any CPU.Build.0 = Debug|Any CPU
		{0B18EF87-9DA9-4D83-B208-EF1787CC819F}.Release|Any CPU.ActiveCfg = Release|Any CPU
		{0B18EF87-9DA9-4D83-B208-EF1787CC819F}.Release|Any CPU.Build.0 = Release|Any CPU
		{E0535941-D930-4B2F-9885-A41E0F789301}.Debug|Any CPU.ActiveCfg = Debug|Any CPU
		{E0535941-D930-4B2F-9885-A41E0F789301}.Debug|Any CPU.Build.0 = Debug|Any CPU
		{E0535941-D930-4B2F-9885-A41E0F789301}.Release|Any CPU.ActiveCfg = Release|Any CPU
		{E0535941-D930-4B2F-9885-A41E0F789301}.Release|Any CPU.Build.0 = Release|Any CPU
		{F36C9E06-DE5B-452D-A4C2-F2BA2E75E8C2}.Debug|Any CPU.ActiveCfg = Debug|Any CPU
		{F36C9E06-DE5B-452D-A4C2-F2BA2E75E8C2}.Debug|Any CPU.Build.0 = Debug|Any CPU
		{F36C9E06-DE5B-452D-A4C2-F2BA2E75E8C2}.Release|Any CPU.ActiveCfg = Release|Any CPU
		{F36C9E06-DE5B-452D-A4C2-F2BA2E75E8C2}.Release|Any CPU.Build.0 = Release|Any CPU
		{F44CD0DC-9910-42E9-867C-9C51B216DD60}.Debug|Any CPU.ActiveCfg = Debug|Any CPU
		{F44CD0DC-9910-42E9-867C-9C51B216DD60}.Debug|Any CPU.Build.0 = Debug|Any CPU
		{F44CD0DC-9910-42E9-867C-9C51B216DD60}.Release|Any CPU.ActiveCfg = Release|Any CPU
		{F44CD0DC-9910-42E9-867C-9C51B216DD60}.Release|Any CPU.Build.0 = Release|Any CPU
	EndGlobalSection
	GlobalSection(SolutionProperties) = preSolution
		HideSolutionNode = FALSE
	EndGlobalSection
	GlobalSection(NestedProjects) = preSolution
		{D8FEA7AD-612D-4878-8A21-B9354A41916C} = {9BCB2CBF-85ED-4D4C-B4A1-AA9015FBA137}
		{3762CF2D-5492-49F5-99D8-FCF167834AA5} = {D8FEA7AD-612D-4878-8A21-B9354A41916C}
		{22AD9BED-37CB-46C0-8E73-0999EF85EE52} = {9BCB2CBF-85ED-4D4C-B4A1-AA9015FBA137}
		{251487C3-164B-44C0-AC7C-EE8B350573D4} = {22AD9BED-37CB-46C0-8E73-0999EF85EE52}
		{DAB6E608-9AFB-4D88-996C-DEB00F440A5D} = {3762CF2D-5492-49F5-99D8-FCF167834AA5}
		{C4E688D3-08DC-4C42-B540-5CB7ADD09499} = {251487C3-164B-44C0-AC7C-EE8B350573D4}
		{D5164CF9-77F9-4A22-A443-67D457B04C8A} = {22AD9BED-37CB-46C0-8E73-0999EF85EE52}
		{D516FC66-80AD-41CE-8683-F149865FA8D1} = {251487C3-164B-44C0-AC7C-EE8B350573D4}
		{ED87545F-E7DB-4074-8690-64CF27182E63} = {3762CF2D-5492-49F5-99D8-FCF167834AA5}
		{E9FD3116-30A5-4756-9F09-846EFBF4C563} = {22AD9BED-37CB-46C0-8E73-0999EF85EE52}
		{D0BA8F0B-059F-4004-8859-42D4C5F8D043} = {E9FD3116-30A5-4756-9F09-846EFBF4C563}
		{56E6CB5C-7400-44F7-B09A-87CD1CC608DC} = {D8FEA7AD-612D-4878-8A21-B9354A41916C}
		{DD59E53A-EA47-4967-8FF4-CEC43918F23B} = {56E6CB5C-7400-44F7-B09A-87CD1CC608DC}
		{2C2101CB-18AE-44D6-8719-D6BB43F665B4} = {D8FEA7AD-612D-4878-8A21-B9354A41916C}
		{0B3D7AC2-DF49-4119-B71D-E0D8BFD228BE} = {2C2101CB-18AE-44D6-8719-D6BB43F665B4}
		{99795CB1-0A2F-400D-9BDC-BDF40A73E3DA} = {D5164CF9-77F9-4A22-A443-67D457B04C8A}
		{9273DA66-DA6F-4DD0-8240-110EDB36132A} = {D5164CF9-77F9-4A22-A443-67D457B04C8A}
		{98D50D2C-65D0-485E-8B6B-FDCA0BB616BE} = {D5164CF9-77F9-4A22-A443-67D457B04C8A}
		{B9A57964-04A6-4DCF-B2AD-525642C12CB1} = {9BCB2CBF-85ED-4D4C-B4A1-AA9015FBA137}
		{F41D0B87-1489-4269-986C-30F9E185DC97} = {B9A57964-04A6-4DCF-B2AD-525642C12CB1}
		{0B18EF87-9DA9-4D83-B208-EF1787CC819F} = {3762CF2D-5492-49F5-99D8-FCF167834AA5}
		{E0535941-D930-4B2F-9885-A41E0F789301} = {2C2101CB-18AE-44D6-8719-D6BB43F665B4}
		{F36C9E06-DE5B-452D-A4C2-F2BA2E75E8C2} = {3762CF2D-5492-49F5-99D8-FCF167834AA5}
		{F44CD0DC-9910-42E9-867C-9C51B216DD60} = {56E6CB5C-7400-44F7-B09A-87CD1CC608DC}
	EndGlobalSection
	GlobalSection(ExtensibilityGlobals) = postSolution
		SolutionGuid = {3F5E81EA-C81F-4817-AEA0-A4769D3D02F0}
	EndGlobalSection
EndGlobal
